// !$*UTF8*$!
{
	archiveVersion = 1;
	classes = {
	};
	objectVersion = 46;
	objects = {

/* Begin PBXBuildFile section */
		AD32AEC41A895211003E4037 /* UIColor+Helper.m in Sources */ = {isa = PBXBuildFile; fileRef = AD32AEC31A895211003E4037 /* UIColor+Helper.m */; };
		AD32AEC71A895B43003E4037 /* login-bg@2x.png in Resources */ = {isa = PBXBuildFile; fileRef = AD32AEC61A895B43003E4037 /* login-bg@2x.png */; };
		AD32AECD1A8966B3003E4037 /* UIImage+Helper.m in Sources */ = {isa = PBXBuildFile; fileRef = AD32AECC1A8966B3003E4037 /* UIImage+Helper.m */; };
		AD32AED01A896745003E4037 /* UIFont+Helper.m in Sources */ = {isa = PBXBuildFile; fileRef = AD32AECF1A896745003E4037 /* UIFont+Helper.m */; };
		AD32AED41A89697E003E4037 /* PlaceCell.m in Sources */ = {isa = PBXBuildFile; fileRef = AD32AED21A89697E003E4037 /* PlaceCell.m */; };
		AD32AED51A89697E003E4037 /* PlaceCell.xib in Resources */ = {isa = PBXBuildFile; fileRef = AD32AED31A89697E003E4037 /* PlaceCell.xib */; };
		AD32AED91A89698E003E4037 /* CommentCell.m in Sources */ = {isa = PBXBuildFile; fileRef = AD32AED71A89698E003E4037 /* CommentCell.m */; };
		AD32AEDA1A89698E003E4037 /* CommentCell.xib in Resources */ = {isa = PBXBuildFile; fileRef = AD32AED81A89698E003E4037 /* CommentCell.xib */; };
		AD32AEDD1A896A1C003E4037 /* LoadingImageView.m in Sources */ = {isa = PBXBuildFile; fileRef = AD32AEDC1A896A1C003E4037 /* LoadingImageView.m */; };
		AD32AEE21A896DBD003E4037 /* HeaderCell.m in Sources */ = {isa = PBXBuildFile; fileRef = AD32AEE01A896DBD003E4037 /* HeaderCell.m */; };
		AD32AEE31A896DBD003E4037 /* HeaderCell.xib in Resources */ = {isa = PBXBuildFile; fileRef = AD32AEE11A896DBD003E4037 /* HeaderCell.xib */; };
		AD32AEE81A89725D003E4037 /* HorizontalSeparatorView.m in Sources */ = {isa = PBXBuildFile; fileRef = AD32AEE51A89725D003E4037 /* HorizontalSeparatorView.m */; };
		AD32AEE91A89725D003E4037 /* VerticalSeparatorView.m in Sources */ = {isa = PBXBuildFile; fileRef = AD32AEE71A89725D003E4037 /* VerticalSeparatorView.m */; };
		AD32AEEF1A898590003E4037 /* PlaceCardCell.m in Sources */ = {isa = PBXBuildFile; fileRef = AD32AEED1A898590003E4037 /* PlaceCardCell.m */; };
		AD32AEF01A898590003E4037 /* PlaceCardCell.xib in Resources */ = {isa = PBXBuildFile; fileRef = AD32AEEE1A898590003E4037 /* PlaceCardCell.xib */; };
		AD8916DD1A88F38700AD5D54 /* main.m in Sources */ = {isa = PBXBuildFile; fileRef = AD8916DC1A88F38700AD5D54 /* main.m */; };
		AD8916E01A88F38700AD5D54 /* AppDelegate.m in Sources */ = {isa = PBXBuildFile; fileRef = AD8916DF1A88F38700AD5D54 /* AppDelegate.m */; };
		AD8916E81A88F38700AD5D54 /* Images.xcassets in Resources */ = {isa = PBXBuildFile; fileRef = AD8916E71A88F38700AD5D54 /* Images.xcassets */; };
		AD8916EB1A88F38700AD5D54 /* LaunchScreen.xib in Resources */ = {isa = PBXBuildFile; fileRef = AD8916E91A88F38700AD5D54 /* LaunchScreen.xib */; };
		AD8916F71A88F38700AD5D54 /* PeakTests.m in Sources */ = {isa = PBXBuildFile; fileRef = AD8916F61A88F38700AD5D54 /* PeakTests.m */; };
		AD89170D1A892A9E00AD5D54 /* LogInViewController.m in Sources */ = {isa = PBXBuildFile; fileRef = AD89170B1A892A9E00AD5D54 /* LogInViewController.m */; };
		AD89170E1A892A9E00AD5D54 /* LogInViewController.xib in Resources */ = {isa = PBXBuildFile; fileRef = AD89170C1A892A9E00AD5D54 /* LogInViewController.xib */; };
		AD8917121A892AAB00AD5D54 /* SignUpViewController.m in Sources */ = {isa = PBXBuildFile; fileRef = AD8917101A892AAB00AD5D54 /* SignUpViewController.m */; };
		AD8917131A892AAB00AD5D54 /* SignUpViewController.xib in Resources */ = {isa = PBXBuildFile; fileRef = AD8917111A892AAB00AD5D54 /* SignUpViewController.xib */; };
		AD8917171A892ABC00AD5D54 /* MainViewController.m in Sources */ = {isa = PBXBuildFile; fileRef = AD8917151A892ABC00AD5D54 /* MainViewController.m */; };
		AD8917181A892ABC00AD5D54 /* MainViewController.xib in Resources */ = {isa = PBXBuildFile; fileRef = AD8917161A892ABC00AD5D54 /* MainViewController.xib */; };
		AD89171C1A892AC900AD5D54 /* PlaceViewController.m in Sources */ = {isa = PBXBuildFile; fileRef = AD89171A1A892AC900AD5D54 /* PlaceViewController.m */; };
		AD89171D1A892AC900AD5D54 /* PlaceViewController.xib in Resources */ = {isa = PBXBuildFile; fileRef = AD89171B1A892AC900AD5D54 /* PlaceViewController.xib */; };
		AD8917211A892AD700AD5D54 /* CreatePlaceViewController.m in Sources */ = {isa = PBXBuildFile; fileRef = AD89171F1A892AD700AD5D54 /* CreatePlaceViewController.m */; };
		AD8917221A892AD700AD5D54 /* CreatePlaceViewController.xib in Resources */ = {isa = PBXBuildFile; fileRef = AD8917201A892AD700AD5D54 /* CreatePlaceViewController.xib */; };
		AD8917261A892B2900AD5D54 /* ProfileViewController.m in Sources */ = {isa = PBXBuildFile; fileRef = AD8917241A892B2900AD5D54 /* ProfileViewController.m */; };
		AD8917271A892B2900AD5D54 /* ProfileViewController.xib in Resources */ = {isa = PBXBuildFile; fileRef = AD8917251A892B2900AD5D54 /* ProfileViewController.xib */; };
		AD89172B1A892B3600AD5D54 /* EditProfileViewController.m in Sources */ = {isa = PBXBuildFile; fileRef = AD8917291A892B3600AD5D54 /* EditProfileViewController.m */; };
		AD89172C1A892B3600AD5D54 /* EditProfileViewController.xib in Resources */ = {isa = PBXBuildFile; fileRef = AD89172A1A892B3600AD5D54 /* EditProfileViewController.xib */; };
		AD8917321A894F1A00AD5D54 /* TextField.m in Sources */ = {isa = PBXBuildFile; fileRef = AD8917311A894F1A00AD5D54 /* TextField.m */; };
		AD8917391A894F3A00AD5D54 /* DINPro-Black.otf in Resources */ = {isa = PBXBuildFile; fileRef = AD8917341A894F3A00AD5D54 /* DINPro-Black.otf */; };
		AD89173A1A894F3A00AD5D54 /* DINPro-Bold.otf in Resources */ = {isa = PBXBuildFile; fileRef = AD8917351A894F3A00AD5D54 /* DINPro-Bold.otf */; };
		AD89173B1A894F3A00AD5D54 /* DINPro-Light.otf in Resources */ = {isa = PBXBuildFile; fileRef = AD8917361A894F3A00AD5D54 /* DINPro-Light.otf */; };
		AD89173C1A894F3A00AD5D54 /* DINPro-Medium.otf in Resources */ = {isa = PBXBuildFile; fileRef = AD8917371A894F3A00AD5D54 /* DINPro-Medium.otf */; };
		AD89173D1A894F3A00AD5D54 /* DINPro-Regular.otf in Resources */ = {isa = PBXBuildFile; fileRef = AD8917381A894F3A00AD5D54 /* DINPro-Regular.otf */; };
		ADD8E72C1A92F204003AFCDE /* FilterButtonView.m in Sources */ = {isa = PBXBuildFile; fileRef = ADD8E72B1A92F204003AFCDE /* FilterButtonView.m */; };
		ADD8E7301A92FE0C003AFCDE /* LightRadarView.m in Sources */ = {isa = PBXBuildFile; fileRef = ADD8E72F1A92FE0C003AFCDE /* LightRadarView.m */; };
		ADD8E7321A92FE62003AFCDE /* radar-light@2x.png in Resources */ = {isa = PBXBuildFile; fileRef = ADD8E7311A92FE62003AFCDE /* radar-light@2x.png */; };
		ADD8E7341A93004C003AFCDE /* radar-dark@2x.png in Resources */ = {isa = PBXBuildFile; fileRef = ADD8E7331A93004C003AFCDE /* radar-dark@2x.png */; };
		ADD8E7381A9302AD003AFCDE /* RateView.m in Sources */ = {isa = PBXBuildFile; fileRef = ADD8E7371A9302AD003AFCDE /* RateView.m */; };
		ADD8E73A1A930312003AFCDE /* rate@2x.png in Resources */ = {isa = PBXBuildFile; fileRef = ADD8E7391A930312003AFCDE /* rate@2x.png */; };
		ADD8E73F1A9303C0003AFCDE /* PhotoCell.m in Sources */ = {isa = PBXBuildFile; fileRef = ADD8E73D1A9303C0003AFCDE /* PhotoCell.m */; };
		ADD8E7401A9303C0003AFCDE /* PhotoCell.xib in Resources */ = {isa = PBXBuildFile; fileRef = ADD8E73E1A9303C0003AFCDE /* PhotoCell.xib */; };
		F01F8EBCEEB34F95BD3CEECE /* libPods.a in Frameworks */ = {isa = PBXBuildFile; fileRef = 7B5F1C4D75314A05A4A71881 /* libPods.a */; };
/* End PBXBuildFile section */

/* Begin PBXContainerItemProxy section */
		AD8916F11A88F38700AD5D54 /* PBXContainerItemProxy */ = {
			isa = PBXContainerItemProxy;
			containerPortal = AD8916CF1A88F38700AD5D54 /* Project object */;
			proxyType = 1;
			remoteGlobalIDString = AD8916D61A88F38700AD5D54;
			remoteInfo = Peak;
		};
/* End PBXContainerItemProxy section */

/* Begin PBXFileReference section */
		0EF5CF6BE06A13B8755B7DD9 /* Pods.release.xcconfig */ = {isa = PBXFileReference; includeInIndex = 1; lastKnownFileType = text.xcconfig; name = Pods.release.xcconfig; path = "Pods/Target Support Files/Pods/Pods.release.xcconfig"; sourceTree = "<group>"; };
		7B5F1C4D75314A05A4A71881 /* libPods.a */ = {isa = PBXFileReference; explicitFileType = archive.ar; includeInIndex = 0; path = libPods.a; sourceTree = BUILT_PRODUCTS_DIR; };
		9D2297CCC32E726A8DAF6347 /* Pods.debug.xcconfig */ = {isa = PBXFileReference; includeInIndex = 1; lastKnownFileType = text.xcconfig; name = Pods.debug.xcconfig; path = "Pods/Target Support Files/Pods/Pods.debug.xcconfig"; sourceTree = "<group>"; };
		AD32AEC21A895211003E4037 /* UIColor+Helper.h */ = {isa = PBXFileReference; fileEncoding = 4; lastKnownFileType = sourcecode.c.h; path = "UIColor+Helper.h"; sourceTree = "<group>"; };
		AD32AEC31A895211003E4037 /* UIColor+Helper.m */ = {isa = PBXFileReference; fileEncoding = 4; lastKnownFileType = sourcecode.c.objc; path = "UIColor+Helper.m"; sourceTree = "<group>"; };
		AD32AEC61A895B43003E4037 /* login-bg@2x.png */ = {isa = PBXFileReference; lastKnownFileType = image.png; path = "login-bg@2x.png"; sourceTree = "<group>"; };
		AD32AECB1A8966B3003E4037 /* UIImage+Helper.h */ = {isa = PBXFileReference; fileEncoding = 4; lastKnownFileType = sourcecode.c.h; path = "UIImage+Helper.h"; sourceTree = "<group>"; };
		AD32AECC1A8966B3003E4037 /* UIImage+Helper.m */ = {isa = PBXFileReference; fileEncoding = 4; lastKnownFileType = sourcecode.c.objc; path = "UIImage+Helper.m"; sourceTree = "<group>"; };
		AD32AECE1A896745003E4037 /* UIFont+Helper.h */ = {isa = PBXFileReference; fileEncoding = 4; lastKnownFileType = sourcecode.c.h; path = "UIFont+Helper.h"; sourceTree = "<group>"; };
		AD32AECF1A896745003E4037 /* UIFont+Helper.m */ = {isa = PBXFileReference; fileEncoding = 4; lastKnownFileType = sourcecode.c.objc; path = "UIFont+Helper.m"; sourceTree = "<group>"; };
		AD32AED11A89697E003E4037 /* PlaceCell.h */ = {isa = PBXFileReference; fileEncoding = 4; lastKnownFileType = sourcecode.c.h; path = PlaceCell.h; sourceTree = "<group>"; };
		AD32AED21A89697E003E4037 /* PlaceCell.m */ = {isa = PBXFileReference; fileEncoding = 4; lastKnownFileType = sourcecode.c.objc; path = PlaceCell.m; sourceTree = "<group>"; };
		AD32AED31A89697E003E4037 /* PlaceCell.xib */ = {isa = PBXFileReference; fileEncoding = 4; lastKnownFileType = file.xib; path = PlaceCell.xib; sourceTree = "<group>"; };
		AD32AED61A89698E003E4037 /* CommentCell.h */ = {isa = PBXFileReference; fileEncoding = 4; lastKnownFileType = sourcecode.c.h; path = CommentCell.h; sourceTree = "<group>"; };
		AD32AED71A89698E003E4037 /* CommentCell.m */ = {isa = PBXFileReference; fileEncoding = 4; lastKnownFileType = sourcecode.c.objc; path = CommentCell.m; sourceTree = "<group>"; };
		AD32AED81A89698E003E4037 /* CommentCell.xib */ = {isa = PBXFileReference; fileEncoding = 4; lastKnownFileType = file.xib; path = CommentCell.xib; sourceTree = "<group>"; };
		AD32AEDB1A896A1C003E4037 /* LoadingImageView.h */ = {isa = PBXFileReference; fileEncoding = 4; lastKnownFileType = sourcecode.c.h; path = LoadingImageView.h; sourceTree = "<group>"; };
		AD32AEDC1A896A1C003E4037 /* LoadingImageView.m */ = {isa = PBXFileReference; fileEncoding = 4; lastKnownFileType = sourcecode.c.objc; path = LoadingImageView.m; sourceTree = "<group>"; };
		AD32AEDF1A896DBD003E4037 /* HeaderCell.h */ = {isa = PBXFileReference; fileEncoding = 4; lastKnownFileType = sourcecode.c.h; path = HeaderCell.h; sourceTree = "<group>"; };
		AD32AEE01A896DBD003E4037 /* HeaderCell.m */ = {isa = PBXFileReference; fileEncoding = 4; lastKnownFileType = sourcecode.c.objc; path = HeaderCell.m; sourceTree = "<group>"; };
		AD32AEE11A896DBD003E4037 /* HeaderCell.xib */ = {isa = PBXFileReference; fileEncoding = 4; lastKnownFileType = file.xib; path = HeaderCell.xib; sourceTree = "<group>"; };
		AD32AEE41A89725D003E4037 /* HorizontalSeparatorView.h */ = {isa = PBXFileReference; fileEncoding = 4; lastKnownFileType = sourcecode.c.h; path = HorizontalSeparatorView.h; sourceTree = "<group>"; };
		AD32AEE51A89725D003E4037 /* HorizontalSeparatorView.m */ = {isa = PBXFileReference; fileEncoding = 4; lastKnownFileType = sourcecode.c.objc; path = HorizontalSeparatorView.m; sourceTree = "<group>"; };
		AD32AEE61A89725D003E4037 /* VerticalSeparatorView.h */ = {isa = PBXFileReference; fileEncoding = 4; lastKnownFileType = sourcecode.c.h; path = VerticalSeparatorView.h; sourceTree = "<group>"; };
		AD32AEE71A89725D003E4037 /* VerticalSeparatorView.m */ = {isa = PBXFileReference; fileEncoding = 4; lastKnownFileType = sourcecode.c.objc; path = VerticalSeparatorView.m; sourceTree = "<group>"; };
		AD32AEEC1A898590003E4037 /* PlaceCardCell.h */ = {isa = PBXFileReference; fileEncoding = 4; lastKnownFileType = sourcecode.c.h; path = PlaceCardCell.h; sourceTree = "<group>"; };
		AD32AEED1A898590003E4037 /* PlaceCardCell.m */ = {isa = PBXFileReference; fileEncoding = 4; lastKnownFileType = sourcecode.c.objc; path = PlaceCardCell.m; sourceTree = "<group>"; };
		AD32AEEE1A898590003E4037 /* PlaceCardCell.xib */ = {isa = PBXFileReference; fileEncoding = 4; lastKnownFileType = file.xib; path = PlaceCardCell.xib; sourceTree = "<group>"; };
		AD8916D71A88F38700AD5D54 /* Peak.app */ = {isa = PBXFileReference; explicitFileType = wrapper.application; includeInIndex = 0; path = Peak.app; sourceTree = BUILT_PRODUCTS_DIR; };
		AD8916DB1A88F38700AD5D54 /* Info.plist */ = {isa = PBXFileReference; lastKnownFileType = text.plist.xml; path = Info.plist; sourceTree = "<group>"; };
		AD8916DC1A88F38700AD5D54 /* main.m */ = {isa = PBXFileReference; lastKnownFileType = sourcecode.c.objc; path = main.m; sourceTree = "<group>"; };
		AD8916DE1A88F38700AD5D54 /* AppDelegate.h */ = {isa = PBXFileReference; lastKnownFileType = sourcecode.c.h; path = AppDelegate.h; sourceTree = "<group>"; };
		AD8916DF1A88F38700AD5D54 /* AppDelegate.m */ = {isa = PBXFileReference; lastKnownFileType = sourcecode.c.objc; path = AppDelegate.m; sourceTree = "<group>"; };
		AD8916E71A88F38700AD5D54 /* Images.xcassets */ = {isa = PBXFileReference; lastKnownFileType = folder.assetcatalog; path = Images.xcassets; sourceTree = "<group>"; };
		AD8916EA1A88F38700AD5D54 /* Base */ = {isa = PBXFileReference; lastKnownFileType = file.xib; name = Base; path = Base.lproj/LaunchScreen.xib; sourceTree = "<group>"; };
		AD8916F01A88F38700AD5D54 /* PeakTests.xctest */ = {isa = PBXFileReference; explicitFileType = wrapper.cfbundle; includeInIndex = 0; path = PeakTests.xctest; sourceTree = BUILT_PRODUCTS_DIR; };
		AD8916F51A88F38700AD5D54 /* Info.plist */ = {isa = PBXFileReference; lastKnownFileType = text.plist.xml; path = Info.plist; sourceTree = "<group>"; };
		AD8916F61A88F38700AD5D54 /* PeakTests.m */ = {isa = PBXFileReference; lastKnownFileType = sourcecode.c.objc; path = PeakTests.m; sourceTree = "<group>"; };
		AD89170A1A892A9E00AD5D54 /* LogInViewController.h */ = {isa = PBXFileReference; fileEncoding = 4; lastKnownFileType = sourcecode.c.h; path = LogInViewController.h; sourceTree = "<group>"; };
		AD89170B1A892A9E00AD5D54 /* LogInViewController.m */ = {isa = PBXFileReference; fileEncoding = 4; lastKnownFileType = sourcecode.c.objc; path = LogInViewController.m; sourceTree = "<group>"; };
		AD89170C1A892A9E00AD5D54 /* LogInViewController.xib */ = {isa = PBXFileReference; fileEncoding = 4; lastKnownFileType = file.xib; path = LogInViewController.xib; sourceTree = "<group>"; };
		AD89170F1A892AAB00AD5D54 /* SignUpViewController.h */ = {isa = PBXFileReference; fileEncoding = 4; lastKnownFileType = sourcecode.c.h; path = SignUpViewController.h; sourceTree = "<group>"; };
		AD8917101A892AAB00AD5D54 /* SignUpViewController.m */ = {isa = PBXFileReference; fileEncoding = 4; lastKnownFileType = sourcecode.c.objc; path = SignUpViewController.m; sourceTree = "<group>"; };
		AD8917111A892AAB00AD5D54 /* SignUpViewController.xib */ = {isa = PBXFileReference; fileEncoding = 4; lastKnownFileType = file.xib; path = SignUpViewController.xib; sourceTree = "<group>"; };
		AD8917141A892ABC00AD5D54 /* MainViewController.h */ = {isa = PBXFileReference; fileEncoding = 4; lastKnownFileType = sourcecode.c.h; path = MainViewController.h; sourceTree = "<group>"; };
		AD8917151A892ABC00AD5D54 /* MainViewController.m */ = {isa = PBXFileReference; fileEncoding = 4; lastKnownFileType = sourcecode.c.objc; path = MainViewController.m; sourceTree = "<group>"; };
		AD8917161A892ABC00AD5D54 /* MainViewController.xib */ = {isa = PBXFileReference; fileEncoding = 4; lastKnownFileType = file.xib; path = MainViewController.xib; sourceTree = "<group>"; };
		AD8917191A892AC900AD5D54 /* PlaceViewController.h */ = {isa = PBXFileReference; fileEncoding = 4; lastKnownFileType = sourcecode.c.h; path = PlaceViewController.h; sourceTree = "<group>"; };
		AD89171A1A892AC900AD5D54 /* PlaceViewController.m */ = {isa = PBXFileReference; fileEncoding = 4; lastKnownFileType = sourcecode.c.objc; path = PlaceViewController.m; sourceTree = "<group>"; };
		AD89171B1A892AC900AD5D54 /* PlaceViewController.xib */ = {isa = PBXFileReference; fileEncoding = 4; lastKnownFileType = file.xib; path = PlaceViewController.xib; sourceTree = "<group>"; };
		AD89171E1A892AD700AD5D54 /* CreatePlaceViewController.h */ = {isa = PBXFileReference; fileEncoding = 4; lastKnownFileType = sourcecode.c.h; path = CreatePlaceViewController.h; sourceTree = "<group>"; };
		AD89171F1A892AD700AD5D54 /* CreatePlaceViewController.m */ = {isa = PBXFileReference; fileEncoding = 4; lastKnownFileType = sourcecode.c.objc; path = CreatePlaceViewController.m; sourceTree = "<group>"; };
		AD8917201A892AD700AD5D54 /* CreatePlaceViewController.xib */ = {isa = PBXFileReference; fileEncoding = 4; lastKnownFileType = file.xib; path = CreatePlaceViewController.xib; sourceTree = "<group>"; };
		AD8917231A892B2900AD5D54 /* ProfileViewController.h */ = {isa = PBXFileReference; fileEncoding = 4; lastKnownFileType = sourcecode.c.h; path = ProfileViewController.h; sourceTree = "<group>"; };
		AD8917241A892B2900AD5D54 /* ProfileViewController.m */ = {isa = PBXFileReference; fileEncoding = 4; lastKnownFileType = sourcecode.c.objc; path = ProfileViewController.m; sourceTree = "<group>"; };
		AD8917251A892B2900AD5D54 /* ProfileViewController.xib */ = {isa = PBXFileReference; fileEncoding = 4; lastKnownFileType = file.xib; path = ProfileViewController.xib; sourceTree = "<group>"; };
		AD8917281A892B3600AD5D54 /* EditProfileViewController.h */ = {isa = PBXFileReference; fileEncoding = 4; lastKnownFileType = sourcecode.c.h; path = EditProfileViewController.h; sourceTree = "<group>"; };
		AD8917291A892B3600AD5D54 /* EditProfileViewController.m */ = {isa = PBXFileReference; fileEncoding = 4; lastKnownFileType = sourcecode.c.objc; path = EditProfileViewController.m; sourceTree = "<group>"; };
		AD89172A1A892B3600AD5D54 /* EditProfileViewController.xib */ = {isa = PBXFileReference; fileEncoding = 4; lastKnownFileType = file.xib; path = EditProfileViewController.xib; sourceTree = "<group>"; };
		AD8917301A894F1A00AD5D54 /* TextField.h */ = {isa = PBXFileReference; fileEncoding = 4; lastKnownFileType = sourcecode.c.h; path = TextField.h; sourceTree = "<group>"; };
		AD8917311A894F1A00AD5D54 /* TextField.m */ = {isa = PBXFileReference; fileEncoding = 4; lastKnownFileType = sourcecode.c.objc; path = TextField.m; sourceTree = "<group>"; };
		AD8917341A894F3A00AD5D54 /* DINPro-Black.otf */ = {isa = PBXFileReference; lastKnownFileType = file; path = "DINPro-Black.otf"; sourceTree = "<group>"; };
		AD8917351A894F3A00AD5D54 /* DINPro-Bold.otf */ = {isa = PBXFileReference; lastKnownFileType = file; path = "DINPro-Bold.otf"; sourceTree = "<group>"; };
		AD8917361A894F3A00AD5D54 /* DINPro-Light.otf */ = {isa = PBXFileReference; lastKnownFileType = file; path = "DINPro-Light.otf"; sourceTree = "<group>"; };
		AD8917371A894F3A00AD5D54 /* DINPro-Medium.otf */ = {isa = PBXFileReference; lastKnownFileType = file; path = "DINPro-Medium.otf"; sourceTree = "<group>"; };
		AD8917381A894F3A00AD5D54 /* DINPro-Regular.otf */ = {isa = PBXFileReference; lastKnownFileType = file; path = "DINPro-Regular.otf"; sourceTree = "<group>"; };
		ADD8E72A1A92F204003AFCDE /* FilterButtonView.h */ = {isa = PBXFileReference; fileEncoding = 4; lastKnownFileType = sourcecode.c.h; path = FilterButtonView.h; sourceTree = "<group>"; };
		ADD8E72B1A92F204003AFCDE /* FilterButtonView.m */ = {isa = PBXFileReference; fileEncoding = 4; lastKnownFileType = sourcecode.c.objc; path = FilterButtonView.m; sourceTree = "<group>"; };
		ADD8E72E1A92FE0C003AFCDE /* LightRadarView.h */ = {isa = PBXFileReference; fileEncoding = 4; lastKnownFileType = sourcecode.c.h; path = LightRadarView.h; sourceTree = "<group>"; };
		ADD8E72F1A92FE0C003AFCDE /* LightRadarView.m */ = {isa = PBXFileReference; fileEncoding = 4; lastKnownFileType = sourcecode.c.objc; path = LightRadarView.m; sourceTree = "<group>"; };
		ADD8E7311A92FE62003AFCDE /* radar-light@2x.png */ = {isa = PBXFileReference; lastKnownFileType = image.png; path = "radar-light@2x.png"; sourceTree = "<group>"; };
		ADD8E7331A93004C003AFCDE /* radar-dark@2x.png */ = {isa = PBXFileReference; lastKnownFileType = image.png; path = "radar-dark@2x.png"; sourceTree = "<group>"; };
		ADD8E7361A9302AD003AFCDE /* RateView.h */ = {isa = PBXFileReference; fileEncoding = 4; lastKnownFileType = sourcecode.c.h; path = RateView.h; sourceTree = "<group>"; };
		ADD8E7371A9302AD003AFCDE /* RateView.m */ = {isa = PBXFileReference; fileEncoding = 4; lastKnownFileType = sourcecode.c.objc; path = RateView.m; sourceTree = "<group>"; };
		ADD8E7391A930312003AFCDE /* rate@2x.png */ = {isa = PBXFileReference; lastKnownFileType = image.png; path = "rate@2x.png"; sourceTree = "<group>"; };
		ADD8E73C1A9303C0003AFCDE /* PhotoCell.h */ = {isa = PBXFileReference; fileEncoding = 4; lastKnownFileType = sourcecode.c.h; path = PhotoCell.h; sourceTree = "<group>"; };
		ADD8E73D1A9303C0003AFCDE /* PhotoCell.m */ = {isa = PBXFileReference; fileEncoding = 4; lastKnownFileType = sourcecode.c.objc; path = PhotoCell.m; sourceTree = "<group>"; };
		ADD8E73E1A9303C0003AFCDE /* PhotoCell.xib */ = {isa = PBXFileReference; fileEncoding = 4; lastKnownFileType = file.xib; path = PhotoCell.xib; sourceTree = "<group>"; };
/* End PBXFileReference section */

/* Begin PBXFrameworksBuildPhase section */
		AD8916D41A88F38700AD5D54 /* Frameworks */ = {
			isa = PBXFrameworksBuildPhase;
			buildActionMask = 2147483647;
			files = (
				F01F8EBCEEB34F95BD3CEECE /* libPods.a in Frameworks */,
			);
			runOnlyForDeploymentPostprocessing = 0;
		};
		AD8916ED1A88F38700AD5D54 /* Frameworks */ = {
			isa = PBXFrameworksBuildPhase;
			buildActionMask = 2147483647;
			files = (
			);
			runOnlyForDeploymentPostprocessing = 0;
		};
/* End PBXFrameworksBuildPhase section */

/* Begin PBXGroup section */
		27B8761D62814B33845D2349 /* Frameworks */ = {
			isa = PBXGroup;
			children = (
				7B5F1C4D75314A05A4A71881 /* libPods.a */,
			);
			name = Frameworks;
			sourceTree = "<group>";
		};
		AD32AEC11A8951FA003E4037 /* Helpers */ = {
			isa = PBXGroup;
			children = (
				AD32AECB1A8966B3003E4037 /* UIImage+Helper.h */,
				AD32AECC1A8966B3003E4037 /* UIImage+Helper.m */,
				AD32AEC21A895211003E4037 /* UIColor+Helper.h */,
				AD32AEC31A895211003E4037 /* UIColor+Helper.m */,
				AD32AECE1A896745003E4037 /* UIFont+Helper.h */,
				AD32AECF1A896745003E4037 /* UIFont+Helper.m */,
			);
			name = Helpers;
			sourceTree = "<group>";
		};
		AD32AEC51A895B38003E4037 /* Images */ = {
			isa = PBXGroup;
			children = (
				AD32AEC61A895B43003E4037 /* login-bg@2x.png */,
			);
			name = Images;
			sourceTree = "<group>";
		};
		AD32AEC81A8965F8003E4037 /* Header Cell */ = {
			isa = PBXGroup;
			children = (
				AD32AEDF1A896DBD003E4037 /* HeaderCell.h */,
				AD32AEE01A896DBD003E4037 /* HeaderCell.m */,
				AD32AEE11A896DBD003E4037 /* HeaderCell.xib */,
			);
			name = "Header Cell";
			sourceTree = "<group>";
		};
		AD32AEC91A896604003E4037 /* Comment Cell */ = {
			isa = PBXGroup;
			children = (
				AD32AED61A89698E003E4037 /* CommentCell.h */,
				AD32AED71A89698E003E4037 /* CommentCell.m */,
				AD32AED81A89698E003E4037 /* CommentCell.xib */,
			);
			name = "Comment Cell";
			sourceTree = "<group>";
		};
		AD32AECA1A89660A003E4037 /* Place Cell */ = {
			isa = PBXGroup;
			children = (
				AD32AED11A89697E003E4037 /* PlaceCell.h */,
				AD32AED21A89697E003E4037 /* PlaceCell.m */,
				AD32AED31A89697E003E4037 /* PlaceCell.xib */,
			);
			name = "Place Cell";
			sourceTree = "<group>";
		};
		AD32AEDE1A896A27003E4037 /* Loading Image View */ = {
			isa = PBXGroup;
			children = (
				AD32AEDB1A896A1C003E4037 /* LoadingImageView.h */,
				AD32AEDC1A896A1C003E4037 /* LoadingImageView.m */,
			);
			name = "Loading Image View";
			sourceTree = "<group>";
		};
		AD32AEEA1A897260003E4037 /* Separators */ = {
			isa = PBXGroup;
			children = (
				AD32AEE41A89725D003E4037 /* HorizontalSeparatorView.h */,
				AD32AEE51A89725D003E4037 /* HorizontalSeparatorView.m */,
				AD32AEE61A89725D003E4037 /* VerticalSeparatorView.h */,
				AD32AEE71A89725D003E4037 /* VerticalSeparatorView.m */,
			);
			name = Separators;
			sourceTree = "<group>";
		};
		AD32AEEB1A89842C003E4037 /* Place Card Cell */ = {
			isa = PBXGroup;
			children = (
				AD32AEEC1A898590003E4037 /* PlaceCardCell.h */,
				AD32AEED1A898590003E4037 /* PlaceCardCell.m */,
				AD32AEEE1A898590003E4037 /* PlaceCardCell.xib */,
			);
			name = "Place Card Cell";
			sourceTree = "<group>";
		};
		AD8916CE1A88F38700AD5D54 = {
			isa = PBXGroup;
			children = (
				AD8916D91A88F38700AD5D54 /* Peak */,
				AD8916F31A88F38700AD5D54 /* PeakTests */,
				AD8916D81A88F38700AD5D54 /* Products */,
				27B8761D62814B33845D2349 /* Frameworks */,
				B9756348C8557DA29AD2A06D /* Pods */,
			);
			sourceTree = "<group>";
		};
		AD8916D81A88F38700AD5D54 /* Products */ = {
			isa = PBXGroup;
			children = (
				AD8916D71A88F38700AD5D54 /* Peak.app */,
				AD8916F01A88F38700AD5D54 /* PeakTests.xctest */,
			);
			name = Products;
			sourceTree = "<group>";
		};
		AD8916D91A88F38700AD5D54 /* Peak */ = {
			isa = PBXGroup;
			children = (
				AD8917001A89298100AD5D54 /* Sources */,
				AD89172D1A892B4C00AD5D54 /* Resources */,
				AD8916DA1A88F38700AD5D54 /* Supporting Files */,
			);
			path = Peak;
			sourceTree = "<group>";
		};
		AD8916DA1A88F38700AD5D54 /* Supporting Files */ = {
			isa = PBXGroup;
			children = (
				AD8916DB1A88F38700AD5D54 /* Info.plist */,
				AD8916DC1A88F38700AD5D54 /* main.m */,
			);
			name = "Supporting Files";
			sourceTree = "<group>";
		};
		AD8916F31A88F38700AD5D54 /* PeakTests */ = {
			isa = PBXGroup;
			children = (
				AD8916F61A88F38700AD5D54 /* PeakTests.m */,
				AD8916F41A88F38700AD5D54 /* Supporting Files */,
			);
			path = PeakTests;
			sourceTree = "<group>";
		};
		AD8916F41A88F38700AD5D54 /* Supporting Files */ = {
			isa = PBXGroup;
			children = (
				AD8916F51A88F38700AD5D54 /* Info.plist */,
			);
			name = "Supporting Files";
			sourceTree = "<group>";
		};
		AD8917001A89298100AD5D54 /* Sources */ = {
			isa = PBXGroup;
			children = (
				AD32AEC11A8951FA003E4037 /* Helpers */,
				AD8917011A89298600AD5D54 /* Controllers */,
				AD8916DE1A88F38700AD5D54 /* AppDelegate.h */,
				AD8916DF1A88F38700AD5D54 /* AppDelegate.m */,
			);
			name = Sources;
			sourceTree = "<group>";
		};
		AD8917011A89298600AD5D54 /* Controllers */ = {
			isa = PBXGroup;
			children = (
				AD8917081A8929EF00AD5D54 /* Common */,
				AD8917031A89299600AD5D54 /* LogIn */,
				AD8917021A89298B00AD5D54 /* SignUp */,
				AD8917041A8929A100AD5D54 /* Main */,
				AD8917071A8929C900AD5D54 /* Place */,
				AD8917091A892A3100AD5D54 /* Create Place */,
				AD8917051A8929BC00AD5D54 /* Profile */,
				AD8917061A8929C100AD5D54 /* Edit Profile */,
			);
			name = Controllers;
			sourceTree = "<group>";
		};
		AD8917021A89298B00AD5D54 /* SignUp */ = {
			isa = PBXGroup;
			children = (
				AD89170F1A892AAB00AD5D54 /* SignUpViewController.h */,
				AD8917101A892AAB00AD5D54 /* SignUpViewController.m */,
				AD8917111A892AAB00AD5D54 /* SignUpViewController.xib */,
			);
			name = SignUp;
			sourceTree = "<group>";
		};
		AD8917031A89299600AD5D54 /* LogIn */ = {
			isa = PBXGroup;
			children = (
				AD89170A1A892A9E00AD5D54 /* LogInViewController.h */,
				AD89170B1A892A9E00AD5D54 /* LogInViewController.m */,
				AD89170C1A892A9E00AD5D54 /* LogInViewController.xib */,
			);
			name = LogIn;
			sourceTree = "<group>";
		};
		AD8917041A8929A100AD5D54 /* Main */ = {
			isa = PBXGroup;
			children = (
				ADD8E72D1A92FDF6003AFCDE /* Radar */,
				ADD8E7291A92F1E0003AFCDE /* Filter Button */,
				AD32AEEB1A89842C003E4037 /* Place Card Cell */,
				AD8917141A892ABC00AD5D54 /* MainViewController.h */,
				AD8917151A892ABC00AD5D54 /* MainViewController.m */,
				AD8917161A892ABC00AD5D54 /* MainViewController.xib */,
			);
			name = Main;
			sourceTree = "<group>";
		};
		AD8917051A8929BC00AD5D54 /* Profile */ = {
			isa = PBXGroup;
			children = (
				AD32AECA1A89660A003E4037 /* Place Cell */,
				AD32AEC91A896604003E4037 /* Comment Cell */,
				AD32AEC81A8965F8003E4037 /* Header Cell */,
				AD8917231A892B2900AD5D54 /* ProfileViewController.h */,
				AD8917241A892B2900AD5D54 /* ProfileViewController.m */,
				AD8917251A892B2900AD5D54 /* ProfileViewController.xib */,
			);
			name = Profile;
			sourceTree = "<group>";
		};
		AD8917061A8929C100AD5D54 /* Edit Profile */ = {
			isa = PBXGroup;
			children = (
				AD8917281A892B3600AD5D54 /* EditProfileViewController.h */,
				AD8917291A892B3600AD5D54 /* EditProfileViewController.m */,
				AD89172A1A892B3600AD5D54 /* EditProfileViewController.xib */,
			);
			name = "Edit Profile";
			sourceTree = "<group>";
		};
		AD8917071A8929C900AD5D54 /* Place */ = {
			isa = PBXGroup;
			children = (
				ADD8E73B1A9303A6003AFCDE /* Photo */,
				ADD8E7351A9302A1003AFCDE /* Rate */,
				AD8917191A892AC900AD5D54 /* PlaceViewController.h */,
				AD89171A1A892AC900AD5D54 /* PlaceViewController.m */,
				AD89171B1A892AC900AD5D54 /* PlaceViewController.xib */,
			);
			name = Place;
			sourceTree = "<group>";
		};
		AD8917081A8929EF00AD5D54 /* Common */ = {
			isa = PBXGroup;
			children = (
				AD89172E1A894EC600AD5D54 /* Views */,
			);
			name = Common;
			sourceTree = "<group>";
		};
		AD8917091A892A3100AD5D54 /* Create Place */ = {
			isa = PBXGroup;
			children = (
				AD89171E1A892AD700AD5D54 /* CreatePlaceViewController.h */,
				AD89171F1A892AD700AD5D54 /* CreatePlaceViewController.m */,
				AD8917201A892AD700AD5D54 /* CreatePlaceViewController.xib */,
			);
			name = "Create Place";
			sourceTree = "<group>";
		};
		AD89172D1A892B4C00AD5D54 /* Resources */ = {
			isa = PBXGroup;
			children = (
				AD32AEC51A895B38003E4037 /* Images */,
				AD8917331A894F2800AD5D54 /* Fonts */,
				AD8916E71A88F38700AD5D54 /* Images.xcassets */,
				AD8916E91A88F38700AD5D54 /* LaunchScreen.xib */,
			);
			name = Resources;
			sourceTree = "<group>";
		};
		AD89172E1A894EC600AD5D54 /* Views */ = {
			isa = PBXGroup;
			children = (
				AD32AEEA1A897260003E4037 /* Separators */,
				AD32AEDE1A896A27003E4037 /* Loading Image View */,
				AD89172F1A894ECB00AD5D54 /* Text Field */,
			);
			name = Views;
			sourceTree = "<group>";
		};
		AD89172F1A894ECB00AD5D54 /* Text Field */ = {
			isa = PBXGroup;
			children = (
				AD8917301A894F1A00AD5D54 /* TextField.h */,
				AD8917311A894F1A00AD5D54 /* TextField.m */,
			);
			name = "Text Field";
			sourceTree = "<group>";
		};
		AD8917331A894F2800AD5D54 /* Fonts */ = {
			isa = PBXGroup;
			children = (
				AD8917341A894F3A00AD5D54 /* DINPro-Black.otf */,
				AD8917351A894F3A00AD5D54 /* DINPro-Bold.otf */,
				AD8917361A894F3A00AD5D54 /* DINPro-Light.otf */,
				AD8917371A894F3A00AD5D54 /* DINPro-Medium.otf */,
				AD8917381A894F3A00AD5D54 /* DINPro-Regular.otf */,
			);
			name = Fonts;
			sourceTree = "<group>";
		};
		ADD8E7291A92F1E0003AFCDE /* Filter Button */ = {
			isa = PBXGroup;
			children = (
				ADD8E72A1A92F204003AFCDE /* FilterButtonView.h */,
				ADD8E72B1A92F204003AFCDE /* FilterButtonView.m */,
			);
			name = "Filter Button";
			sourceTree = "<group>";
		};
		ADD8E72D1A92FDF6003AFCDE /* Radar */ = {
			isa = PBXGroup;
			children = (
				ADD8E7311A92FE62003AFCDE /* radar-light@2x.png */,
				ADD8E7331A93004C003AFCDE /* radar-dark@2x.png */,
				ADD8E72E1A92FE0C003AFCDE /* LightRadarView.h */,
				ADD8E72F1A92FE0C003AFCDE /* LightRadarView.m */,
			);
			name = Radar;
			sourceTree = "<group>";
		};
		ADD8E7351A9302A1003AFCDE /* Rate */ = {
			isa = PBXGroup;
			children = (
				ADD8E7391A930312003AFCDE /* rate@2x.png */,
				ADD8E7361A9302AD003AFCDE /* RateView.h */,
				ADD8E7371A9302AD003AFCDE /* RateView.m */,
			);
			name = Rate;
			sourceTree = "<group>";
		};
		ADD8E73B1A9303A6003AFCDE /* Photo */ = {
			isa = PBXGroup;
			children = (
				ADD8E73C1A9303C0003AFCDE /* PhotoCell.h */,
				ADD8E73D1A9303C0003AFCDE /* PhotoCell.m */,
				ADD8E73E1A9303C0003AFCDE /* PhotoCell.xib */,
			);
			name = Photo;
			sourceTree = "<group>";
		};
		B9756348C8557DA29AD2A06D /* Pods */ = {
			isa = PBXGroup;
			children = (
				9D2297CCC32E726A8DAF6347 /* Pods.debug.xcconfig */,
				0EF5CF6BE06A13B8755B7DD9 /* Pods.release.xcconfig */,
			);
			name = Pods;
			sourceTree = "<group>";
		};
/* End PBXGroup section */

/* Begin PBXNativeTarget section */
		AD8916D61A88F38700AD5D54 /* Peak */ = {
			isa = PBXNativeTarget;
			buildConfigurationList = AD8916FA1A88F38700AD5D54 /* Build configuration list for PBXNativeTarget "Peak" */;
			buildPhases = (
				F026EDA3303E4DD7BEEDF794 /* Check Pods Manifest.lock */,
				AD8916D31A88F38700AD5D54 /* Sources */,
				AD8916D41A88F38700AD5D54 /* Frameworks */,
				AD8916D51A88F38700AD5D54 /* Resources */,
				3DDB709380344937AFFA8BA3 /* Copy Pods Resources */,
			);
			buildRules = (
			);
			dependencies = (
			);
			name = Peak;
			productName = Peak;
			productReference = AD8916D71A88F38700AD5D54 /* Peak.app */;
			productType = "com.apple.product-type.application";
		};
		AD8916EF1A88F38700AD5D54 /* PeakTests */ = {
			isa = PBXNativeTarget;
			buildConfigurationList = AD8916FD1A88F38700AD5D54 /* Build configuration list for PBXNativeTarget "PeakTests" */;
			buildPhases = (
				AD8916EC1A88F38700AD5D54 /* Sources */,
				AD8916ED1A88F38700AD5D54 /* Frameworks */,
				AD8916EE1A88F38700AD5D54 /* Resources */,
			);
			buildRules = (
			);
			dependencies = (
				AD8916F21A88F38700AD5D54 /* PBXTargetDependency */,
			);
			name = PeakTests;
			productName = PeakTests;
			productReference = AD8916F01A88F38700AD5D54 /* PeakTests.xctest */;
			productType = "com.apple.product-type.bundle.unit-test";
		};
/* End PBXNativeTarget section */

/* Begin PBXProject section */
		AD8916CF1A88F38700AD5D54 /* Project object */ = {
			isa = PBXProject;
			attributes = {
				LastUpgradeCheck = 0610;
				ORGANIZATIONNAME = Peak;
				TargetAttributes = {
					AD8916D61A88F38700AD5D54 = {
						CreatedOnToolsVersion = 6.1.1;
					};
					AD8916EF1A88F38700AD5D54 = {
						CreatedOnToolsVersion = 6.1.1;
						TestTargetID = AD8916D61A88F38700AD5D54;
					};
				};
			};
			buildConfigurationList = AD8916D21A88F38700AD5D54 /* Build configuration list for PBXProject "Peak" */;
			compatibilityVersion = "Xcode 3.2";
			developmentRegion = English;
			hasScannedForEncodings = 0;
			knownRegions = (
				en,
				Base,
			);
			mainGroup = AD8916CE1A88F38700AD5D54;
			productRefGroup = AD8916D81A88F38700AD5D54 /* Products */;
			projectDirPath = "";
			projectRoot = "";
			targets = (
				AD8916D61A88F38700AD5D54 /* Peak */,
				AD8916EF1A88F38700AD5D54 /* PeakTests */,
			);
		};
/* End PBXProject section */

/* Begin PBXResourcesBuildPhase section */
		AD8916D51A88F38700AD5D54 /* Resources */ = {
			isa = PBXResourcesBuildPhase;
			buildActionMask = 2147483647;
			files = (
				AD32AEF01A898590003E4037 /* PlaceCardCell.xib in Resources */,
				AD89173A1A894F3A00AD5D54 /* DINPro-Bold.otf in Resources */,
				AD8917271A892B2900AD5D54 /* ProfileViewController.xib in Resources */,
				AD32AEC71A895B43003E4037 /* login-bg@2x.png in Resources */,
				AD32AED51A89697E003E4037 /* PlaceCell.xib in Resources */,
				AD8917131A892AAB00AD5D54 /* SignUpViewController.xib in Resources */,
				AD89172C1A892B3600AD5D54 /* EditProfileViewController.xib in Resources */,
				AD89171D1A892AC900AD5D54 /* PlaceViewController.xib in Resources */,
				AD8917181A892ABC00AD5D54 /* MainViewController.xib in Resources */,
				AD32AEDA1A89698E003E4037 /* CommentCell.xib in Resources */,
				AD89170E1A892A9E00AD5D54 /* LogInViewController.xib in Resources */,
				AD8916EB1A88F38700AD5D54 /* LaunchScreen.xib in Resources */,
				AD89173C1A894F3A00AD5D54 /* DINPro-Medium.otf in Resources */,
				AD89173B1A894F3A00AD5D54 /* DINPro-Light.otf in Resources */,
				AD8917391A894F3A00AD5D54 /* DINPro-Black.otf in Resources */,
				ADD8E7341A93004C003AFCDE /* radar-dark@2x.png in Resources */,
				AD8917221A892AD700AD5D54 /* CreatePlaceViewController.xib in Resources */,
				AD89173D1A894F3A00AD5D54 /* DINPro-Regular.otf in Resources */,
				ADD8E7401A9303C0003AFCDE /* PhotoCell.xib in Resources */,
				AD32AEE31A896DBD003E4037 /* HeaderCell.xib in Resources */,
				ADD8E7321A92FE62003AFCDE /* radar-light@2x.png in Resources */,
				ADD8E73A1A930312003AFCDE /* rate@2x.png in Resources */,
				AD8916E81A88F38700AD5D54 /* Images.xcassets in Resources */,
			);
			runOnlyForDeploymentPostprocessing = 0;
		};
		AD8916EE1A88F38700AD5D54 /* Resources */ = {
			isa = PBXResourcesBuildPhase;
			buildActionMask = 2147483647;
			files = (
			);
			runOnlyForDeploymentPostprocessing = 0;
		};
/* End PBXResourcesBuildPhase section */

/* Begin PBXShellScriptBuildPhase section */
		3DDB709380344937AFFA8BA3 /* Copy Pods Resources */ = {
			isa = PBXShellScriptBuildPhase;
			buildActionMask = 2147483647;
			files = (
			);
			inputPaths = (
			);
			name = "Copy Pods Resources";
			outputPaths = (
			);
			runOnlyForDeploymentPostprocessing = 0;
			shellPath = /bin/sh;
			shellScript = "\"${SRCROOT}/Pods/Target Support Files/Pods/Pods-resources.sh\"\n";
			showEnvVarsInLog = 0;
		};
		F026EDA3303E4DD7BEEDF794 /* Check Pods Manifest.lock */ = {
			isa = PBXShellScriptBuildPhase;
			buildActionMask = 2147483647;
			files = (
			);
			inputPaths = (
			);
			name = "Check Pods Manifest.lock";
			outputPaths = (
			);
			runOnlyForDeploymentPostprocessing = 0;
			shellPath = /bin/sh;
			shellScript = "diff \"${PODS_ROOT}/../Podfile.lock\" \"${PODS_ROOT}/Manifest.lock\" > /dev/null\nif [[ $? != 0 ]] ; then\n    cat << EOM\nerror: The sandbox is not in sync with the Podfile.lock. Run 'pod install' or update your CocoaPods installation.\nEOM\n    exit 1\nfi\n";
			showEnvVarsInLog = 0;
		};
/* End PBXShellScriptBuildPhase section */

/* Begin PBXSourcesBuildPhase section */
		AD8916D31A88F38700AD5D54 /* Sources */ = {
			isa = PBXSourcesBuildPhase;
			buildActionMask = 2147483647;
			files = (
				ADD8E73F1A9303C0003AFCDE /* PhotoCell.m in Sources */,
				AD89170D1A892A9E00AD5D54 /* LogInViewController.m in Sources */,
				AD32AED41A89697E003E4037 /* PlaceCell.m in Sources */,
				ADD8E72C1A92F204003AFCDE /* FilterButtonView.m in Sources */,
				AD8917261A892B2900AD5D54 /* ProfileViewController.m in Sources */,
				AD89172B1A892B3600AD5D54 /* EditProfileViewController.m in Sources */,
				AD32AECD1A8966B3003E4037 /* UIImage+Helper.m in Sources */,
				AD8917171A892ABC00AD5D54 /* MainViewController.m in Sources */,
				AD32AED01A896745003E4037 /* UIFont+Helper.m in Sources */,
				AD32AEC41A895211003E4037 /* UIColor+Helper.m in Sources */,
				AD32AEE21A896DBD003E4037 /* HeaderCell.m in Sources */,
				AD32AEEF1A898590003E4037 /* PlaceCardCell.m in Sources */,
				ADD8E7381A9302AD003AFCDE /* RateView.m in Sources */,
				AD8917121A892AAB00AD5D54 /* SignUpViewController.m in Sources */,
				AD32AEDD1A896A1C003E4037 /* LoadingImageView.m in Sources */,
				AD89171C1A892AC900AD5D54 /* PlaceViewController.m in Sources */,
				AD32AEE91A89725D003E4037 /* VerticalSeparatorView.m in Sources */,
				AD32AEE81A89725D003E4037 /* HorizontalSeparatorView.m in Sources */,
				AD8916E01A88F38700AD5D54 /* AppDelegate.m in Sources */,
				AD8917321A894F1A00AD5D54 /* TextField.m in Sources */,
				ADD8E7301A92FE0C003AFCDE /* LightRadarView.m in Sources */,
				AD8917211A892AD700AD5D54 /* CreatePlaceViewController.m in Sources */,
				AD32AED91A89698E003E4037 /* CommentCell.m in Sources */,
				AD8916DD1A88F38700AD5D54 /* main.m in Sources */,
			);
			runOnlyForDeploymentPostprocessing = 0;
		};
		AD8916EC1A88F38700AD5D54 /* Sources */ = {
			isa = PBXSourcesBuildPhase;
			buildActionMask = 2147483647;
			files = (
				AD8916F71A88F38700AD5D54 /* PeakTests.m in Sources */,
			);
			runOnlyForDeploymentPostprocessing = 0;
		};
/* End PBXSourcesBuildPhase section */

/* Begin PBXTargetDependency section */
		AD8916F21A88F38700AD5D54 /* PBXTargetDependency */ = {
			isa = PBXTargetDependency;
			target = AD8916D61A88F38700AD5D54 /* Peak */;
			targetProxy = AD8916F11A88F38700AD5D54 /* PBXContainerItemProxy */;
		};
/* End PBXTargetDependency section */

/* Begin PBXVariantGroup section */
		AD8916E91A88F38700AD5D54 /* LaunchScreen.xib */ = {
			isa = PBXVariantGroup;
			children = (
				AD8916EA1A88F38700AD5D54 /* Base */,
			);
			name = LaunchScreen.xib;
			sourceTree = "<group>";
		};
/* End PBXVariantGroup section */

/* Begin XCBuildConfiguration section */
		AD8916F81A88F38700AD5D54 /* Debug */ = {
			isa = XCBuildConfiguration;
			buildSettings = {
				ALWAYS_SEARCH_USER_PATHS = NO;
				CLANG_CXX_LANGUAGE_STANDARD = "gnu++0x";
				CLANG_CXX_LIBRARY = "libc++";
				CLANG_ENABLE_MODULES = YES;
				CLANG_ENABLE_OBJC_ARC = YES;
				CLANG_WARN_BOOL_CONVERSION = YES;
				CLANG_WARN_CONSTANT_CONVERSION = YES;
				CLANG_WARN_DIRECT_OBJC_ISA_USAGE = YES_ERROR;
				CLANG_WARN_EMPTY_BODY = YES;
				CLANG_WARN_ENUM_CONVERSION = YES;
				CLANG_WARN_INT_CONVERSION = YES;
				CLANG_WARN_OBJC_ROOT_CLASS = YES_ERROR;
				CLANG_WARN_UNREACHABLE_CODE = YES;
				CLANG_WARN__DUPLICATE_METHOD_MATCH = YES;
				"CODE_SIGN_IDENTITY[sdk=iphoneos*]" = "iPhone Developer";
				COPY_PHASE_STRIP = NO;
				ENABLE_STRICT_OBJC_MSGSEND = YES;
				GCC_C_LANGUAGE_STANDARD = gnu99;
				GCC_DYNAMIC_NO_PIC = NO;
				GCC_OPTIMIZATION_LEVEL = 0;
				GCC_PREPROCESSOR_DEFINITIONS = (
					"DEBUG=1",
					"$(inherited)",
				);
				GCC_SYMBOLS_PRIVATE_EXTERN = NO;
				GCC_WARN_64_TO_32_BIT_CONVERSION = YES;
				GCC_WARN_ABOUT_RETURN_TYPE = YES_ERROR;
				GCC_WARN_UNDECLARED_SELECTOR = YES;
				GCC_WARN_UNINITIALIZED_AUTOS = YES_AGGRESSIVE;
				GCC_WARN_UNUSED_FUNCTION = YES;
				GCC_WARN_UNUSED_VARIABLE = YES;
				IPHONEOS_DEPLOYMENT_TARGET = 8.1;
				MTL_ENABLE_DEBUG_INFO = YES;
				ONLY_ACTIVE_ARCH = YES;
				SDKROOT = iphoneos;
			};
			name = Debug;
		};
		AD8916F91A88F38700AD5D54 /* Release */ = {
			isa = XCBuildConfiguration;
			buildSettings = {
				ALWAYS_SEARCH_USER_PATHS = NO;
				CLANG_CXX_LANGUAGE_STANDARD = "gnu++0x";
				CLANG_CXX_LIBRARY = "libc++";
				CLANG_ENABLE_MODULES = YES;
				CLANG_ENABLE_OBJC_ARC = YES;
				CLANG_WARN_BOOL_CONVERSION = YES;
				CLANG_WARN_CONSTANT_CONVERSION = YES;
				CLANG_WARN_DIRECT_OBJC_ISA_USAGE = YES_ERROR;
				CLANG_WARN_EMPTY_BODY = YES;
				CLANG_WARN_ENUM_CONVERSION = YES;
				CLANG_WARN_INT_CONVERSION = YES;
				CLANG_WARN_OBJC_ROOT_CLASS = YES_ERROR;
				CLANG_WARN_UNREACHABLE_CODE = YES;
				CLANG_WARN__DUPLICATE_METHOD_MATCH = YES;
				"CODE_SIGN_IDENTITY[sdk=iphoneos*]" = "iPhone Developer";
				COPY_PHASE_STRIP = YES;
				ENABLE_NS_ASSERTIONS = NO;
				ENABLE_STRICT_OBJC_MSGSEND = YES;
				GCC_C_LANGUAGE_STANDARD = gnu99;
				GCC_WARN_64_TO_32_BIT_CONVERSION = YES;
				GCC_WARN_ABOUT_RETURN_TYPE = YES_ERROR;
				GCC_WARN_UNDECLARED_SELECTOR = YES;
				GCC_WARN_UNINITIALIZED_AUTOS = YES_AGGRESSIVE;
				GCC_WARN_UNUSED_FUNCTION = YES;
				GCC_WARN_UNUSED_VARIABLE = YES;
				IPHONEOS_DEPLOYMENT_TARGET = 8.1;
				MTL_ENABLE_DEBUG_INFO = NO;
				SDKROOT = iphoneos;
				VALIDATE_PRODUCT = YES;
			};
			name = Release;
		};
		AD8916FB1A88F38700AD5D54 /* Debug */ = {
			isa = XCBuildConfiguration;
			baseConfigurationReference = 9D2297CCC32E726A8DAF6347 /* Pods.debug.xcconfig */;
			buildSettings = {
				ASSETCATALOG_COMPILER_APPICON_NAME = AppIcon;
				CODE_SIGN_RESOURCE_RULES_PATH = "$(SDKROOT)/ResourceRules.plist";
				INFOPLIST_FILE = Peak/Info.plist;
				LD_RUNPATH_SEARCH_PATHS = "$(inherited) @executable_path/Frameworks";
				PRODUCT_NAME = "$(TARGET_NAME)";
			};
			name = Debug;
		};
		AD8916FC1A88F38700AD5D54 /* Release */ = {
			isa = XCBuildConfiguration;
			baseConfigurationReference = 0EF5CF6BE06A13B8755B7DD9 /* Pods.release.xcconfig */;
			buildSettings = {
				ASSETCATALOG_COMPILER_APPICON_NAME = AppIcon;
				CODE_SIGN_RESOURCE_RULES_PATH = "$(SDKROOT)/ResourceRules.plist";
				INFOPLIST_FILE = Peak/Info.plist;
				LD_RUNPATH_SEARCH_PATHS = "$(inherited) @executable_path/Frameworks";
				PRODUCT_NAME = "$(TARGET_NAME)";
			};
			name = Release;
		};
		AD8916FE1A88F38700AD5D54 /* Debug */ = {
			isa = XCBuildConfiguration;
			buildSettings = {
				BUNDLE_LOADER = "$(TEST_HOST)";
				FRAMEWORK_SEARCH_PATHS = (
					"$(SDKROOT)/Developer/Library/Frameworks",
					"$(inherited)",
				);
				GCC_PREPROCESSOR_DEFINITIONS = (
					"DEBUG=1",
					"$(inherited)",
				);
				INFOPLIST_FILE = PeakTests/Info.plist;
				LD_RUNPATH_SEARCH_PATHS = "$(inherited) @executable_path/Frameworks @loader_path/Frameworks";
				PRODUCT_NAME = "$(TARGET_NAME)";
				TEST_HOST = "$(BUILT_PRODUCTS_DIR)/Peak.app/Peak";
			};
			name = Debug;
		};
		AD8916FF1A88F38700AD5D54 /* Release */ = {
			isa = XCBuildConfiguration;
			buildSettings = {
				BUNDLE_LOADER = "$(TEST_HOST)";
				FRAMEWORK_SEARCH_PATHS = (
					"$(SDKROOT)/Developer/Library/Frameworks",
					"$(inherited)",
				);
				INFOPLIST_FILE = PeakTests/Info.plist;
				LD_RUNPATH_SEARCH_PATHS = "$(inherited) @executable_path/Frameworks @loader_path/Frameworks";
				PRODUCT_NAME = "$(TARGET_NAME)";
				TEST_HOST = "$(BUILT_PRODUCTS_DIR)/Peak.app/Peak";
			};
			name = Release;
		};
/* End XCBuildConfiguration section */

/* Begin XCConfigurationList section */
		AD8916D21A88F38700AD5D54 /* Build configuration list for PBXProject "Peak" */ = {
			isa = XCConfigurationList;
			buildConfigurations = (
				AD8916F81A88F38700AD5D54 /* Debug */,
				AD8916F91A88F38700AD5D54 /* Release */,
			);
			defaultConfigurationIsVisible = 0;
			defaultConfigurationName = Release;
		};
		AD8916FA1A88F38700AD5D54 /* Build configuration list for PBXNativeTarget "Peak" */ = {
			isa = XCConfigurationList;
			buildConfigurations = (
				AD8916FB1A88F38700AD5D54 /* Debug */,
				AD8916FC1A88F38700AD5D54 /* Release */,
			);
			defaultConfigurationIsVisible = 0;
			defaultConfigurationName = Release;
		};
		AD8916FD1A88F38700AD5D54 /* Build configuration list for PBXNativeTarget "PeakTests" */ = {
			isa = XCConfigurationList;
			buildConfigurations = (
				AD8916FE1A88F38700AD5D54 /* Debug */,
				AD8916FF1A88F38700AD5D54 /* Release */,
			);
			defaultConfigurationIsVisible = 0;
			defaultConfigurationName = Release;
		};
/* End XCConfigurationList section */
	};
	rootObject = AD8916CF1A88F38700AD5D54 /* Project object */;
}
