// !$*UTF8*$!
{
	archiveVersion = 1;
	classes = {
	};
	objectVersion = 46;
	objects = {

/* Begin PBXBuildFile section */
		AD8916DD1A88F38700AD5D54 /* main.m in Sources */ = {isa = PBXBuildFile; fileRef = AD8916DC1A88F38700AD5D54 /* main.m */; };
		AD8916E01A88F38700AD5D54 /* AppDelegate.m in Sources */ = {isa = PBXBuildFile; fileRef = AD8916DF1A88F38700AD5D54 /* AppDelegate.m */; };
		AD8916E31A88F38700AD5D54 /* ViewController.m in Sources */ = {isa = PBXBuildFile; fileRef = AD8916E21A88F38700AD5D54 /* ViewController.m */; };
		AD8916E61A88F38700AD5D54 /* Main.storyboard in Resources */ = {isa = PBXBuildFile; fileRef = AD8916E41A88F38700AD5D54 /* Main.storyboard */; };
		AD8916E81A88F38700AD5D54 /* Images.xcassets in Resources */ = {isa = PBXBuildFile; fileRef = AD8916E71A88F38700AD5D54 /* Images.xcassets */; };
		AD8916EB1A88F38700AD5D54 /* LaunchScreen.xib in Resources */ = {isa = PBXBuildFile; fileRef = AD8916E91A88F38700AD5D54 /* LaunchScreen.xib */; };
		AD8916F71A88F38700AD5D54 /* PeakTests.m in Sources */ = {isa = PBXBuildFile; fileRef = AD8916F61A88F38700AD5D54 /* PeakTests.m */; };
/* End PBXBuildFile section */

/* Begin PBXContainerItemProxy section */
		AD8916F11A88F38700AD5D54 /* PBXContainerItemProxy */ = {
			isa = PBXContainerItemProxy;
			containerPortal = AD8916CF1A88F38700AD5D54 /* Project object */;
			proxyType = 1;
			remoteGlobalIDString = AD8916D61A88F38700AD5D54;
			remoteInfo = Peak;
		};
/* End PBXContainerItemProxy section */

/* Begin PBXFileReference section */
		AD8916D71A88F38700AD5D54 /* Peak.app */ = {isa = PBXFileReference; explicitFileType = wrapper.application; includeInIndex = 0; path = Peak.app; sourceTree = BUILT_PRODUCTS_DIR; };
		AD8916DB1A88F38700AD5D54 /* Info.plist */ = {isa = PBXFileReference; lastKnownFileType = text.plist.xml; path = Info.plist; sourceTree = "<group>"; };
		AD8916DC1A88F38700AD5D54 /* main.m */ = {isa = PBXFileReference; lastKnownFileType = sourcecode.c.objc; path = main.m; sourceTree = "<group>"; };
		AD8916DE1A88F38700AD5D54 /* AppDelegate.h */ = {isa = PBXFileReference; lastKnownFileType = sourcecode.c.h; path = AppDelegate.h; sourceTree = "<group>"; };
		AD8916DF1A88F38700AD5D54 /* AppDelegate.m */ = {isa = PBXFileReference; lastKnownFileType = sourcecode.c.objc; path = AppDelegate.m; sourceTree = "<group>"; };
		AD8916E11A88F38700AD5D54 /* ViewController.h */ = {isa = PBXFileReference; lastKnownFileType = sourcecode.c.h; path = ViewController.h; sourceTree = "<group>"; };
		AD8916E21A88F38700AD5D54 /* ViewController.m */ = {isa = PBXFileReference; lastKnownFileType = sourcecode.c.objc; path = ViewController.m; sourceTree = "<group>"; };
		AD8916E51A88F38700AD5D54 /* Base */ = {isa = PBXFileReference; lastKnownFileType = file.storyboard; name = Base; path = Base.lproj/Main.storyboard; sourceTree = "<group>"; };
		AD8916E71A88F38700AD5D54 /* Images.xcassets */ = {isa = PBXFileReference; lastKnownFileType = folder.assetcatalog; path = Images.xcassets; sourceTree = "<group>"; };
		AD8916EA1A88F38700AD5D54 /* Base */ = {isa = PBXFileReference; lastKnownFileType = file.xib; name = Base; path = Base.lproj/LaunchScreen.xib; sourceTree = "<group>"; };
		AD8916F01A88F38700AD5D54 /* PeakTests.xctest */ = {isa = PBXFileReference; explicitFileType = wrapper.cfbundle; includeInIndex = 0; path = PeakTests.xctest; sourceTree = BUILT_PRODUCTS_DIR; };
		AD8916F51A88F38700AD5D54 /* Info.plist */ = {isa = PBXFileReference; lastKnownFileType = text.plist.xml; path = Info.plist; sourceTree = "<group>"; };
		AD8916F61A88F38700AD5D54 /* PeakTests.m */ = {isa = PBXFileReference; lastKnownFileType = sourcecode.c.objc; path = PeakTests.m; sourceTree = "<group>"; };
/* End PBXFileReference section */

/* Begin PBXFrameworksBuildPhase section */
		AD8916D41A88F38700AD5D54 /* Frameworks */ = {
			isa = PBXFrameworksBuildPhase;
			buildActionMask = 2147483647;
			files = (
			);
			runOnlyForDeploymentPostprocessing = 0;
		};
		AD8916ED1A88F38700AD5D54 /* Frameworks */ = {
			isa = PBXFrameworksBuildPhase;
			buildActionMask = 2147483647;
			files = (
			);
			runOnlyForDeploymentPostprocessing = 0;
		};
/* End PBXFrameworksBuildPhase section */

/* Begin PBXGroup section */
		AD8916CE1A88F38700AD5D54 = {
			isa = PBXGroup;
			children = (
				AD8916D91A88F38700AD5D54 /* Peak */,
				AD8916F31A88F38700AD5D54 /* PeakTests */,
				AD8916D81A88F38700AD5D54 /* Products */,
			);
			sourceTree = "<group>";
		};
		AD8916D81A88F38700AD5D54 /* Products */ = {
			isa = PBXGroup;
			children = (
				AD8916D71A88F38700AD5D54 /* Peak.app */,
				AD8916F01A88F38700AD5D54 /* PeakTests.xctest */,
			);
			name = Products;
			sourceTree = "<group>";
		};
		AD8916D91A88F38700AD5D54 /* Peak */ = {
			isa = PBXGroup;
			children = (
				AD8916DE1A88F38700AD5D54 /* AppDelegate.h */,
				AD8916DF1A88F38700AD5D54 /* AppDelegate.m */,
				AD8916E11A88F38700AD5D54 /* ViewController.h */,
				AD8916E21A88F38700AD5D54 /* ViewController.m */,
				AD8916E41A88F38700AD5D54 /* Main.storyboard */,
				AD8916E71A88F38700AD5D54 /* Images.xcassets */,
				AD8916E91A88F38700AD5D54 /* LaunchScreen.xib */,
				AD8916DA1A88F38700AD5D54 /* Supporting Files */,
			);
			path = Peak;
			sourceTree = "<group>";
		};
		AD8916DA1A88F38700AD5D54 /* Supporting Files */ = {
			isa = PBXGroup;
			children = (
				AD8916DB1A88F38700AD5D54 /* Info.plist */,
				AD8916DC1A88F38700AD5D54 /* main.m */,
			);
			name = "Supporting Files";
			sourceTree = "<group>";
		};
		AD8916F31A88F38700AD5D54 /* PeakTests */ = {
			isa = PBXGroup;
			children = (
				AD8916F61A88F38700AD5D54 /* PeakTests.m */,
				AD8916F41A88F38700AD5D54 /* Supporting Files */,
			);
			path = PeakTests;
			sourceTree = "<group>";
		};
		AD8916F41A88F38700AD5D54 /* Supporting Files */ = {
			isa = PBXGroup;
			children = (
				AD8916F51A88F38700AD5D54 /* Info.plist */,
			);
			name = "Supporting Files";
			sourceTree = "<group>";
		};
/* End PBXGroup section */

/* Begin PBXNativeTarget section */
		AD8916D61A88F38700AD5D54 /* Peak */ = {
			isa = PBXNativeTarget;
			buildConfigurationList = AD8916FA1A88F38700AD5D54 /* Build configuration list for PBXNativeTarget "Peak" */;
			buildPhases = (
				AD8916D31A88F38700AD5D54 /* Sources */,
				AD8916D41A88F38700AD5D54 /* Frameworks */,
				AD8916D51A88F38700AD5D54 /* Resources */,
			);
			buildRules = (
			);
			dependencies = (
			);
			name = Peak;
			productName = Peak;
			productReference = AD8916D71A88F38700AD5D54 /* Peak.app */;
			productType = "com.apple.product-type.application";
		};
		AD8916EF1A88F38700AD5D54 /* PeakTests */ = {
			isa = PBXNativeTarget;
			buildConfigurationList = AD8916FD1A88F38700AD5D54 /* Build configuration list for PBXNativeTarget "PeakTests" */;
			buildPhases = (
				AD8916EC1A88F38700AD5D54 /* Sources */,
				AD8916ED1A88F38700AD5D54 /* Frameworks */,
				AD8916EE1A88F38700AD5D54 /* Resources */,
			);
			buildRules = (
			);
			dependencies = (
				AD8916F21A88F38700AD5D54 /* PBXTargetDependency */,
			);
			name = PeakTests;
			productName = PeakTests;
			productReference = AD8916F01A88F38700AD5D54 /* PeakTests.xctest */;
			productType = "com.apple.product-type.bundle.unit-test";
		};
/* End PBXNativeTarget section */

/* Begin PBXProject section */
		AD8916CF1A88F38700AD5D54 /* Project object */ = {
			isa = PBXProject;
			attributes = {
				LastUpgradeCheck = 0610;
				ORGANIZATIONNAME = Peak;
				TargetAttributes = {
					AD8916D61A88F38700AD5D54 = {
						CreatedOnToolsVersion = 6.1.1;
					};
					AD8916EF1A88F38700AD5D54 = {
						CreatedOnToolsVersion = 6.1.1;
						TestTargetID = AD8916D61A88F38700AD5D54;
					};
				};
			};
			buildConfigurationList = AD8916D21A88F38700AD5D54 /* Build configuration list for PBXProject "Peak" */;
			compatibilityVersion = "Xcode 3.2";
			developmentRegion = English;
			hasScannedForEncodings = 0;
			knownRegions = (
				en,
				Base,
			);
			mainGroup = AD8916CE1A88F38700AD5D54;
			productRefGroup = AD8916D81A88F38700AD5D54 /* Products */;
			projectDirPath = "";
			projectRoot = "";
			targets = (
				AD8916D61A88F38700AD5D54 /* Peak */,
				AD8916EF1A88F38700AD5D54 /* PeakTests */,
			);
		};
/* End PBXProject section */

/* Begin PBXResourcesBuildPhase section */
		AD8916D51A88F38700AD5D54 /* Resources */ = {
			isa = PBXResourcesBuildPhase;
			buildActionMask = 2147483647;
			files = (
				AD8916E61A88F38700AD5D54 /* Main.storyboard in Resources */,
				AD8916EB1A88F38700AD5D54 /* LaunchScreen.xib in Resources */,
				AD8916E81A88F38700AD5D54 /* Images.xcassets in Resources */,
			);
			runOnlyForDeploymentPostprocessing = 0;
		};
		AD8916EE1A88F38700AD5D54 /* Resources */ = {
			isa = PBXResourcesBuildPhase;
			buildActionMask = 2147483647;
			files = (
			);
			runOnlyForDeploymentPostprocessing = 0;
		};
/* End PBXResourcesBuildPhase section */

/* Begin PBXSourcesBuildPhase section */
		AD8916D31A88F38700AD5D54 /* Sources */ = {
			isa = PBXSourcesBuildPhase;
			buildActionMask = 2147483647;
			files = (
				AD8916E31A88F38700AD5D54 /* ViewController.m in Sources */,
				AD8916E01A88F38700AD5D54 /* AppDelegate.m in Sources */,
				AD8916DD1A88F38700AD5D54 /* main.m in Sources */,
			);
			runOnlyForDeploymentPostprocessing = 0;
		};
		AD8916EC1A88F38700AD5D54 /* Sources */ = {
			isa = PBXSourcesBuildPhase;
			buildActionMask = 2147483647;
			files = (
				AD8916F71A88F38700AD5D54 /* PeakTests.m in Sources */,
			);
			runOnlyForDeploymentPostprocessing = 0;
		};
/* End PBXSourcesBuildPhase section */

/* Begin PBXTargetDependency section */
		AD8916F21A88F38700AD5D54 /* PBXTargetDependency */ = {
			isa = PBXTargetDependency;
			target = AD8916D61A88F38700AD5D54 /* Peak */;
			targetProxy = AD8916F11A88F38700AD5D54 /* PBXContainerItemProxy */;
		};
/* End PBXTargetDependency section */

/* Begin PBXVariantGroup section */
		AD8916E41A88F38700AD5D54 /* Main.storyboard */ = {
			isa = PBXVariantGroup;
			children = (
				AD8916E51A88F38700AD5D54 /* Base */,
			);
			name = Main.storyboard;
			sourceTree = "<group>";
		};
		AD8916E91A88F38700AD5D54 /* LaunchScreen.xib */ = {
			isa = PBXVariantGroup;
			children = (
				AD8916EA1A88F38700AD5D54 /* Base */,
			);
			name = LaunchScreen.xib;
			sourceTree = "<group>";
		};
/* End PBXVariantGroup section */

/* Begin XCBuildConfiguration section */
		AD8916F81A88F38700AD5D54 /* Debug */ = {
			isa = XCBuildConfiguration;
			buildSettings = {
				ALWAYS_SEARCH_USER_PATHS = NO;
				CLANG_CXX_LANGUAGE_STANDARD = "gnu++0x";
				CLANG_CXX_LIBRARY = "libc++";
				CLANG_ENABLE_MODULES = YES;
				CLANG_ENABLE_OBJC_ARC = YES;
				CLANG_WARN_BOOL_CONVERSION = YES;
				CLANG_WARN_CONSTANT_CONVERSION = YES;
				CLANG_WARN_DIRECT_OBJC_ISA_USAGE = YES_ERROR;
				CLANG_WARN_EMPTY_BODY = YES;
				CLANG_WARN_ENUM_CONVERSION = YES;
				CLANG_WARN_INT_CONVERSION = YES;
				CLANG_WARN_OBJC_ROOT_CLASS = YES_ERROR;
				CLANG_WARN_UNREACHABLE_CODE = YES;
				CLANG_WARN__DUPLICATE_METHOD_MATCH = YES;
				"CODE_SIGN_IDENTITY[sdk=iphoneos*]" = "iPhone Developer";
				COPY_PHASE_STRIP = NO;
				ENABLE_STRICT_OBJC_MSGSEND = YES;
				GCC_C_LANGUAGE_STANDARD = gnu99;
				GCC_DYNAMIC_NO_PIC = NO;
				GCC_OPTIMIZATION_LEVEL = 0;
				GCC_PREPROCESSOR_DEFINITIONS = (
					"DEBUG=1",
					"$(inherited)",
				);
				GCC_SYMBOLS_PRIVATE_EXTERN = NO;
				GCC_WARN_64_TO_32_BIT_CONVERSION = YES;
				GCC_WARN_ABOUT_RETURN_TYPE = YES_ERROR;
				GCC_WARN_UNDECLARED_SELECTOR = YES;
				GCC_WARN_UNINITIALIZED_AUTOS = YES_AGGRESSIVE;
				GCC_WARN_UNUSED_FUNCTION = YES;
				GCC_WARN_UNUSED_VARIABLE = YES;
				IPHONEOS_DEPLOYMENT_TARGET = 8.1;
				MTL_ENABLE_DEBUG_INFO = YES;
				ONLY_ACTIVE_ARCH = YES;
				SDKROOT = iphoneos;
			};
			name = Debug;
		};
		AD8916F91A88F38700AD5D54 /* Release */ = {
			isa = XCBuildConfiguration;
			buildSettings = {
				ALWAYS_SEARCH_USER_PATHS = NO;
				CLANG_CXX_LANGUAGE_STANDARD = "gnu++0x";
				CLANG_CXX_LIBRARY = "libc++";
				CLANG_ENABLE_MODULES = YES;
				CLANG_ENABLE_OBJC_ARC = YES;
				CLANG_WARN_BOOL_CONVERSION = YES;
				CLANG_WARN_CONSTANT_CONVERSION = YES;
				CLANG_WARN_DIRECT_OBJC_ISA_USAGE = YES_ERROR;
				CLANG_WARN_EMPTY_BODY = YES;
				CLANG_WARN_ENUM_CONVERSION = YES;
				CLANG_WARN_INT_CONVERSION = YES;
				CLANG_WARN_OBJC_ROOT_CLASS = YES_ERROR;
				CLANG_WARN_UNREACHABLE_CODE = YES;
				CLANG_WARN__DUPLICATE_METHOD_MATCH = YES;
				"CODE_SIGN_IDENTITY[sdk=iphoneos*]" = "iPhone Developer";
				COPY_PHASE_STRIP = YES;
				ENABLE_NS_ASSERTIONS = NO;
				ENABLE_STRICT_OBJC_MSGSEND = YES;
				GCC_C_LANGUAGE_STANDARD = gnu99;
				GCC_WARN_64_TO_32_BIT_CONVERSION = YES;
				GCC_WARN_ABOUT_RETURN_TYPE = YES_ERROR;
				GCC_WARN_UNDECLARED_SELECTOR = YES;
				GCC_WARN_UNINITIALIZED_AUTOS = YES_AGGRESSIVE;
				GCC_WARN_UNUSED_FUNCTION = YES;
				GCC_WARN_UNUSED_VARIABLE = YES;
				IPHONEOS_DEPLOYMENT_TARGET = 8.1;
				MTL_ENABLE_DEBUG_INFO = NO;
				SDKROOT = iphoneos;
				VALIDATE_PRODUCT = YES;
			};
			name = Release;
		};
		AD8916FB1A88F38700AD5D54 /* Debug */ = {
			isa = XCBuildConfiguration;
			buildSettings = {
				ASSETCATALOG_COMPILER_APPICON_NAME = AppIcon;
				INFOPLIST_FILE = Peak/Info.plist;
				LD_RUNPATH_SEARCH_PATHS = "$(inherited) @executable_path/Frameworks";
				PRODUCT_NAME = "$(TARGET_NAME)";
			};
			name = Debug;
		};
		AD8916FC1A88F38700AD5D54 /* Release */ = {
			isa = XCBuildConfiguration;
			buildSettings = {
				ASSETCATALOG_COMPILER_APPICON_NAME = AppIcon;
				INFOPLIST_FILE = Peak/Info.plist;
				LD_RUNPATH_SEARCH_PATHS = "$(inherited) @executable_path/Frameworks";
				PRODUCT_NAME = "$(TARGET_NAME)";
			};
			name = Release;
		};
		AD8916FE1A88F38700AD5D54 /* Debug */ = {
			isa = XCBuildConfiguration;
			buildSettings = {
				BUNDLE_LOADER = "$(TEST_HOST)";
				FRAMEWORK_SEARCH_PATHS = (
					"$(SDKROOT)/Developer/Library/Frameworks",
					"$(inherited)",
				);
				GCC_PREPROCESSOR_DEFINITIONS = (
					"DEBUG=1",
					"$(inherited)",
				);
				INFOPLIST_FILE = PeakTests/Info.plist;
				LD_RUNPATH_SEARCH_PATHS = "$(inherited) @executable_path/Frameworks @loader_path/Frameworks";
				PRODUCT_NAME = "$(TARGET_NAME)";
				TEST_HOST = "$(BUILT_PRODUCTS_DIR)/Peak.app/Peak";
			};
			name = Debug;
		};
		AD8916FF1A88F38700AD5D54 /* Release */ = {
			isa = XCBuildConfiguration;
			buildSettings = {
				BUNDLE_LOADER = "$(TEST_HOST)";
				FRAMEWORK_SEARCH_PATHS = (
					"$(SDKROOT)/Developer/Library/Frameworks",
					"$(inherited)",
				);
				INFOPLIST_FILE = PeakTests/Info.plist;
				LD_RUNPATH_SEARCH_PATHS = "$(inherited) @executable_path/Frameworks @loader_path/Frameworks";
				PRODUCT_NAME = "$(TARGET_NAME)";
				TEST_HOST = "$(BUILT_PRODUCTS_DIR)/Peak.app/Peak";
			};
			name = Release;
		};
/* End XCBuildConfiguration section */

/* Begin XCConfigurationList section */
		AD8916D21A88F38700AD5D54 /* Build configuration list for PBXProject "Peak" */ = {
			isa = XCConfigurationList;
			buildConfigurations = (
				AD8916F81A88F38700AD5D54 /* Debug */,
				AD8916F91A88F38700AD5D54 /* Release */,
			);
			defaultConfigurationIsVisible = 0;
			defaultConfigurationName = Release;
		};
		AD8916FA1A88F38700AD5D54 /* Build configuration list for PBXNativeTarget "Peak" */ = {
			isa = XCConfigurationList;
			buildConfigurations = (
				AD8916FB1A88F38700AD5D54 /* Debug */,
				AD8916FC1A88F38700AD5D54 /* Release */,
			);
			defaultConfigurationIsVisible = 0;
		};
		AD8916FD1A88F38700AD5D54 /* Build configuration list for PBXNativeTarget "PeakTests" */ = {
			isa = XCConfigurationList;
			buildConfigurations = (
				AD8916FE1A88F38700AD5D54 /* Debug */,
				AD8916FF1A88F38700AD5D54 /* Release */,
			);
			defaultConfigurationIsVisible = 0;
		};
/* End XCConfigurationList section */
	};
	rootObject = AD8916CF1A88F38700AD5D54 /* Project object */;
}
